
Microsoft Visual Studio Solution File, Format Version 12.00
# Visual Studio 15
VisualStudioVersion = 15.0.28307.136
MinimumVisualStudioVersion = 10.0.40219.1
Project("{FAE04EC0-301F-11D3-BF4B-00C04F79EFBC}") = "Pesquisa_Sequencial_e_Binaria", "Pesquisa_Sequencial_e_Binaria\Pesquisa_Sequencial_e_Binaria.csproj", "{CEA040F7-1937-4980-A57E-109C871DBBEB}"
EndProject
Global
	GlobalSection(SolutionConfigurationPlatforms) = preSolution
		Debug|Any CPU = Debug|Any CPU
		Release|Any CPU = Release|Any CPU
	EndGlobalSection
	GlobalSection(ProjectConfigurationPlatforms) = postSolution
		{CEA040F7-1937-4980-A57E-109C871DBBEB}.Debug|Any CPU.ActiveCfg = Debug|Any CPU
		{CEA040F7-1937-4980-A57E-109C871DBBEB}.Debug|Any CPU.Build.0 = Debug|Any CPU
		{CEA040F7-1937-4980-A57E-109C871DBBEB}.Release|Any CPU.ActiveCfg = Release|Any CPU
		{CEA040F7-1937-4980-A57E-109C871DBBEB}.Release|Any CPU.Build.0 = Release|Any CPU
	EndGlobalSection
	GlobalSection(SolutionProperties) = preSolution
		HideSolutionNode = FALSE
	EndGlobalSection
	GlobalSection(ExtensibilityGlobals) = postSolution
		SolutionGuid = {F73F6FF5-FAA2-4DD8-B05C-C79ADEFD5592}
	EndGlobalSection
EndGlobal
